// !$*UTF8*$!
{
	archiveVersion = 1;
	classes = {
	};
	objectVersion = 55;
	objects = {

/* Begin PBXBuildFile section */
		4B2CCBE528073C97000B7B74 /* Journaling.swift in Sources */ = {isa = PBXBuildFile; fileRef = 4B2CCBE428073C97000B7B74 /* Journaling.swift */; };
		4B2E1D962804109600611427 /* AppDelegate.swift in Sources */ = {isa = PBXBuildFile; fileRef = 4B2E1D952804109600611427 /* AppDelegate.swift */; };
		4B2E1D982804109600611427 /* SceneDelegate.swift in Sources */ = {isa = PBXBuildFile; fileRef = 4B2E1D972804109600611427 /* SceneDelegate.swift */; };
		4B2E1D9D2804109600611427 /* Main.storyboard in Resources */ = {isa = PBXBuildFile; fileRef = 4B2E1D9B2804109600611427 /* Main.storyboard */; };
		4B2E1DA02804109600611427 /* Avocalmdo.xcdatamodeld in Sources */ = {isa = PBXBuildFile; fileRef = 4B2E1D9E2804109600611427 /* Avocalmdo.xcdatamodeld */; };
		4B2E1DA22804109700611427 /* Assets.xcassets in Resources */ = {isa = PBXBuildFile; fileRef = 4B2E1DA12804109700611427 /* Assets.xcassets */; };
		4B2E1DA52804109700611427 /* LaunchScreen.storyboard in Resources */ = {isa = PBXBuildFile; fileRef = 4B2E1DA32804109700611427 /* LaunchScreen.storyboard */; };
		4BA272BB280411AA00AF8EBA /* Home.storyboard in Resources */ = {isa = PBXBuildFile; fileRef = 4BA272BA280411AA00AF8EBA /* Home.storyboard */; };
		4BA272BD280411D700AF8EBA /* Calendar.storyboard in Resources */ = {isa = PBXBuildFile; fileRef = 4BA272BC280411D700AF8EBA /* Calendar.storyboard */; };
		4BA272C02804152800AF8EBA /* StarterPageViewController.swift in Sources */ = {isa = PBXBuildFile; fileRef = 4BA272BF2804152800AF8EBA /* StarterPageViewController.swift */; };
		4BEFFD6B2804188100274C48 /* HomeViewController.swift in Sources */ = {isa = PBXBuildFile; fileRef = 4BEFFD6A2804188100274C48 /* HomeViewController.swift */; };
		4BEFFD6F28041A8400274C48 /* Extension.swift in Sources */ = {isa = PBXBuildFile; fileRef = 4BEFFD6E28041A8400274C48 /* Extension.swift */; };
		6760749C28067ECA00E03F74 /* HistoryViewController.swift in Sources */ = {isa = PBXBuildFile; fileRef = 6760749B28067ECA00E03F74 /* HistoryViewController.swift */; };
		6760749F280685C400E03F74 /* HistoryTableViewCell.swift in Sources */ = {isa = PBXBuildFile; fileRef = 6760749D280685C400E03F74 /* HistoryTableViewCell.swift */; };
		676074A0280685C400E03F74 /* HistoryTableViewCell.xib in Resources */ = {isa = PBXBuildFile; fileRef = 6760749E280685C400E03F74 /* HistoryTableViewCell.xib */; };
		6A1C66CC2805F93D00C35AA6 /* AnxietyJournalingViewController.swift in Sources */ = {isa = PBXBuildFile; fileRef = 6A1C66CB2805F93D00C35AA6 /* AnxietyJournalingViewController.swift */; };
		6A8679E42806B28E0062195C /* EmojiCollectionViewCell.swift in Sources */ = {isa = PBXBuildFile; fileRef = 6A8679E22806B28E0062195C /* EmojiCollectionViewCell.swift */; };
		6A8679E72806B7A80062195C /* EmojiJournalingViewController.swift in Sources */ = {isa = PBXBuildFile; fileRef = 6A8679E62806B7A80062195C /* EmojiJournalingViewController.swift */; };
		6A8679E92806BAA90062195C /* QuestionJournalingViewController.swift in Sources */ = {isa = PBXBuildFile; fileRef = 6A8679E82806BAA90062195C /* QuestionJournalingViewController.swift */; };
		D498DD1E280479CE00491FD5 /* SF-Pro.ttf in Resources */ = {isa = PBXBuildFile; fileRef = D498DD1D280479CE00491FD5 /* SF-Pro.ttf */; };
/* End PBXBuildFile section */

/* Begin PBXFileReference section */
		4B2CCBE428073C97000B7B74 /* Journaling.swift */ = {isa = PBXFileReference; lastKnownFileType = sourcecode.swift; path = Journaling.swift; sourceTree = "<group>"; };
		4B2E1D922804109600611427 /* Avocalmdo.app */ = {isa = PBXFileReference; explicitFileType = wrapper.application; includeInIndex = 0; path = Avocalmdo.app; sourceTree = BUILT_PRODUCTS_DIR; };
		4B2E1D952804109600611427 /* AppDelegate.swift */ = {isa = PBXFileReference; lastKnownFileType = sourcecode.swift; path = AppDelegate.swift; sourceTree = "<group>"; };
		4B2E1D972804109600611427 /* SceneDelegate.swift */ = {isa = PBXFileReference; lastKnownFileType = sourcecode.swift; path = SceneDelegate.swift; sourceTree = "<group>"; };
		4B2E1D9C2804109600611427 /* Base */ = {isa = PBXFileReference; lastKnownFileType = file.storyboard; name = Base; path = Base.lproj/Main.storyboard; sourceTree = "<group>"; };
		4B2E1D9F2804109600611427 /* Avocalmdo.xcdatamodel */ = {isa = PBXFileReference; lastKnownFileType = wrapper.xcdatamodel; path = Avocalmdo.xcdatamodel; sourceTree = "<group>"; };
		4B2E1DA12804109700611427 /* Assets.xcassets */ = {isa = PBXFileReference; lastKnownFileType = folder.assetcatalog; path = Assets.xcassets; sourceTree = "<group>"; };
		4B2E1DA42804109700611427 /* Base */ = {isa = PBXFileReference; lastKnownFileType = file.storyboard; name = Base; path = Base.lproj/LaunchScreen.storyboard; sourceTree = "<group>"; };
		4B2E1DA62804109700611427 /* Info.plist */ = {isa = PBXFileReference; lastKnownFileType = text.plist.xml; path = Info.plist; sourceTree = "<group>"; };
		4BA272BA280411AA00AF8EBA /* Home.storyboard */ = {isa = PBXFileReference; lastKnownFileType = file.storyboard; path = Home.storyboard; sourceTree = "<group>"; };
		4BA272BC280411D700AF8EBA /* Calendar.storyboard */ = {isa = PBXFileReference; lastKnownFileType = file.storyboard; path = Calendar.storyboard; sourceTree = "<group>"; };
		4BA272BF2804152800AF8EBA /* StarterPageViewController.swift */ = {isa = PBXFileReference; lastKnownFileType = sourcecode.swift; path = StarterPageViewController.swift; sourceTree = "<group>"; };
		4BEFFD6A2804188100274C48 /* HomeViewController.swift */ = {isa = PBXFileReference; lastKnownFileType = sourcecode.swift; path = HomeViewController.swift; sourceTree = "<group>"; };
		4BEFFD6E28041A8400274C48 /* Extension.swift */ = {isa = PBXFileReference; lastKnownFileType = sourcecode.swift; path = Extension.swift; sourceTree = "<group>"; };
		6760749B28067ECA00E03F74 /* HistoryViewController.swift */ = {isa = PBXFileReference; lastKnownFileType = sourcecode.swift; path = HistoryViewController.swift; sourceTree = "<group>"; };
		6760749D280685C400E03F74 /* HistoryTableViewCell.swift */ = {isa = PBXFileReference; lastKnownFileType = sourcecode.swift; path = HistoryTableViewCell.swift; sourceTree = "<group>"; };
		6760749E280685C400E03F74 /* HistoryTableViewCell.xib */ = {isa = PBXFileReference; lastKnownFileType = file.xib; path = HistoryTableViewCell.xib; sourceTree = "<group>"; };
		6A1C66CB2805F93D00C35AA6 /* AnxietyJournalingViewController.swift */ = {isa = PBXFileReference; lastKnownFileType = sourcecode.swift; path = AnxietyJournalingViewController.swift; sourceTree = "<group>"; };
		6A8679E22806B28E0062195C /* EmojiCollectionViewCell.swift */ = {isa = PBXFileReference; lastKnownFileType = sourcecode.swift; path = EmojiCollectionViewCell.swift; sourceTree = "<group>"; };
		6A8679E62806B7A80062195C /* EmojiJournalingViewController.swift */ = {isa = PBXFileReference; lastKnownFileType = sourcecode.swift; path = EmojiJournalingViewController.swift; sourceTree = "<group>"; };
		6A8679E82806BAA90062195C /* QuestionJournalingViewController.swift */ = {isa = PBXFileReference; lastKnownFileType = sourcecode.swift; path = QuestionJournalingViewController.swift; sourceTree = "<group>"; };
		D498DD1D280479CE00491FD5 /* SF-Pro.ttf */ = {isa = PBXFileReference; lastKnownFileType = file; path = "SF-Pro.ttf"; sourceTree = "<group>"; };
/* End PBXFileReference section */

/* Begin PBXFrameworksBuildPhase section */
		4B2E1D8F2804109600611427 /* Frameworks */ = {
			isa = PBXFrameworksBuildPhase;
			buildActionMask = 2147483647;
			files = (
			);
			runOnlyForDeploymentPostprocessing = 0;
		};
/* End PBXFrameworksBuildPhase section */

/* Begin PBXGroup section */
		4B149086280410DB00C11FF5 /* Model */ = {
			isa = PBXGroup;
			children = (
				4B2CCBE428073C97000B7B74 /* Journaling.swift */,
			);
			path = Model;
			sourceTree = "<group>";
		};
		4B149087280410E100C11FF5 /* View */ = {
			isa = PBXGroup;
			children = (
				4B2E1D9B2804109600611427 /* Main.storyboard */,
				4BA272BA280411AA00AF8EBA /* Home.storyboard */,
				4BA272BC280411D700AF8EBA /* Calendar.storyboard */,
				6760749E280685C400E03F74 /* HistoryTableViewCell.xib */,
			);
			path = View;
			sourceTree = "<group>";
		};
		4B149088280410EA00C11FF5 /* Controller */ = {
			isa = PBXGroup;
			children = (
				6760749A28067EA900E03F74 /* History */,
				6A1C66CA2805F92700C35AA6 /* Journaling */,
				4BEFFD692804187200274C48 /* Home */,
				4BA272BF2804152800AF8EBA /* StarterPageViewController.swift */,
				6A8679E22806B28E0062195C /* EmojiCollectionViewCell.swift */,
			);
			path = Controller;
			sourceTree = "<group>";
		};
		4B2E1D892804109600611427 = {
			isa = PBXGroup;
			children = (
				4B2E1D942804109600611427 /* Avocalmdo */,
				4B2E1D932804109600611427 /* Products */,
			);
			sourceTree = "<group>";
		};
		4B2E1D932804109600611427 /* Products */ = {
			isa = PBXGroup;
			children = (
				4B2E1D922804109600611427 /* Avocalmdo.app */,
			);
			name = Products;
			sourceTree = "<group>";
		};
		4B2E1D942804109600611427 /* Avocalmdo */ = {
			isa = PBXGroup;
			children = (
				D498DD1C280479BB00491FD5 /* fonts */,
				4B2E1D952804109600611427 /* AppDelegate.swift */,
				4B2E1D972804109600611427 /* SceneDelegate.swift */,
				4B149086280410DB00C11FF5 /* Model */,
				4B149087280410E100C11FF5 /* View */,
				4B149088280410EA00C11FF5 /* Controller */,
				4BA272BE280412FB00AF8EBA /* Extension */,
				4B2E1DA12804109700611427 /* Assets.xcassets */,
				4B2E1DA32804109700611427 /* LaunchScreen.storyboard */,
				4B2E1DA62804109700611427 /* Info.plist */,
				4B2E1D9E2804109600611427 /* Avocalmdo.xcdatamodeld */,
			);
			path = Avocalmdo;
			sourceTree = "<group>";
		};
		4BA272BE280412FB00AF8EBA /* Extension */ = {
			isa = PBXGroup;
			children = (
				4BEFFD6E28041A8400274C48 /* Extension.swift */,
			);
			path = Extension;
			sourceTree = "<group>";
		};
		4BEFFD692804187200274C48 /* Home */ = {
			isa = PBXGroup;
			children = (
				4BEFFD6A2804188100274C48 /* HomeViewController.swift */,
			);
			path = Home;
			sourceTree = "<group>";
		};
		6760749A28067EA900E03F74 /* History */ = {
			isa = PBXGroup;
			children = (
				6760749B28067ECA00E03F74 /* HistoryViewController.swift */,
				6760749D280685C400E03F74 /* HistoryTableViewCell.swift */,
			);
			path = History;
			sourceTree = "<group>";
		};
		6A1C66CA2805F92700C35AA6 /* Journaling */ = {
			isa = PBXGroup;
			children = (
				6A1C66CB2805F93D00C35AA6 /* AnxietyJournalingViewController.swift */,
				6A8679E62806B7A80062195C /* EmojiJournalingViewController.swift */,
				6A8679E82806BAA90062195C /* QuestionJournalingViewController.swift */,
			);
			path = Journaling;
			sourceTree = "<group>";
		};
		D498DD1C280479BB00491FD5 /* fonts */ = {
			isa = PBXGroup;
			children = (
				D498DD1D280479CE00491FD5 /* SF-Pro.ttf */,
			);
			path = fonts;
			sourceTree = "<group>";
		};
/* End PBXGroup section */

/* Begin PBXNativeTarget section */
		4B2E1D912804109600611427 /* Avocalmdo */ = {
			isa = PBXNativeTarget;
			buildConfigurationList = 4B2E1DA92804109700611427 /* Build configuration list for PBXNativeTarget "Avocalmdo" */;
			buildPhases = (
				4B2E1D8E2804109600611427 /* Sources */,
				4B2E1D8F2804109600611427 /* Frameworks */,
				4B2E1D902804109600611427 /* Resources */,
			);
			buildRules = (
			);
			dependencies = (
			);
			name = Avocalmdo;
			productName = Avocalmdo;
			productReference = 4B2E1D922804109600611427 /* Avocalmdo.app */;
			productType = "com.apple.product-type.application";
		};
/* End PBXNativeTarget section */

/* Begin PBXProject section */
		4B2E1D8A2804109600611427 /* Project object */ = {
			isa = PBXProject;
			attributes = {
				BuildIndependentTargetsInParallel = 1;
				LastSwiftUpdateCheck = 1330;
				LastUpgradeCheck = 1330;
				TargetAttributes = {
					4B2E1D912804109600611427 = {
						CreatedOnToolsVersion = 13.3;
					};
				};
			};
			buildConfigurationList = 4B2E1D8D2804109600611427 /* Build configuration list for PBXProject "Avocalmdo" */;
			compatibilityVersion = "Xcode 13.0";
			developmentRegion = en;
			hasScannedForEncodings = 0;
			knownRegions = (
				en,
				Base,
			);
			mainGroup = 4B2E1D892804109600611427;
			productRefGroup = 4B2E1D932804109600611427 /* Products */;
			projectDirPath = "";
			projectRoot = "";
			targets = (
				4B2E1D912804109600611427 /* Avocalmdo */,
			);
		};
/* End PBXProject section */

/* Begin PBXResourcesBuildPhase section */
		4B2E1D902804109600611427 /* Resources */ = {
			isa = PBXResourcesBuildPhase;
			buildActionMask = 2147483647;
			files = (
				4B2E1DA52804109700611427 /* LaunchScreen.storyboard in Resources */,
				D498DD1E280479CE00491FD5 /* SF-Pro.ttf in Resources */,
				4B2E1DA22804109700611427 /* Assets.xcassets in Resources */,
				4B2E1D9D2804109600611427 /* Main.storyboard in Resources */,
				4BA272BD280411D700AF8EBA /* Calendar.storyboard in Resources */,
				676074A0280685C400E03F74 /* HistoryTableViewCell.xib in Resources */,
				4BA272BB280411AA00AF8EBA /* Home.storyboard in Resources */,
			);
			runOnlyForDeploymentPostprocessing = 0;
		};
/* End PBXResourcesBuildPhase section */

/* Begin PBXSourcesBuildPhase section */
		4B2E1D8E2804109600611427 /* Sources */ = {
			isa = PBXSourcesBuildPhase;
			buildActionMask = 2147483647;
			files = (
				6760749F280685C400E03F74 /* HistoryTableViewCell.swift in Sources */,
				6A8679E72806B7A80062195C /* EmojiJournalingViewController.swift in Sources */,
				4BEFFD6B2804188100274C48 /* HomeViewController.swift in Sources */,
				6A1C66CC2805F93D00C35AA6 /* AnxietyJournalingViewController.swift in Sources */,
				4B2CCBE528073C97000B7B74 /* Journaling.swift in Sources */,
				4B2E1DA02804109600611427 /* Avocalmdo.xcdatamodeld in Sources */,
				6A8679E42806B28E0062195C /* EmojiCollectionViewCell.swift in Sources */,
				4BEFFD6F28041A8400274C48 /* Extension.swift in Sources */,
				4B2E1D962804109600611427 /* AppDelegate.swift in Sources */,
				6A8679E92806BAA90062195C /* QuestionJournalingViewController.swift in Sources */,
				4B2E1D982804109600611427 /* SceneDelegate.swift in Sources */,
				4BA272C02804152800AF8EBA /* StarterPageViewController.swift in Sources */,
				6760749C28067ECA00E03F74 /* HistoryViewController.swift in Sources */,
			);
			runOnlyForDeploymentPostprocessing = 0;
		};
/* End PBXSourcesBuildPhase section */

/* Begin PBXVariantGroup section */
		4B2E1D9B2804109600611427 /* Main.storyboard */ = {
			isa = PBXVariantGroup;
			children = (
				4B2E1D9C2804109600611427 /* Base */,
			);
			name = Main.storyboard;
			sourceTree = "<group>";
		};
		4B2E1DA32804109700611427 /* LaunchScreen.storyboard */ = {
			isa = PBXVariantGroup;
			children = (
				4B2E1DA42804109700611427 /* Base */,
			);
			name = LaunchScreen.storyboard;
			sourceTree = "<group>";
		};
/* End PBXVariantGroup section */

/* Begin XCBuildConfiguration section */
		4B2E1DA72804109700611427 /* Debug */ = {
			isa = XCBuildConfiguration;
			buildSettings = {
				ALWAYS_SEARCH_USER_PATHS = NO;
				CLANG_ANALYZER_NONNULL = YES;
				CLANG_ANALYZER_NUMBER_OBJECT_CONVERSION = YES_AGGRESSIVE;
				CLANG_CXX_LANGUAGE_STANDARD = "gnu++17";
				CLANG_ENABLE_MODULES = YES;
				CLANG_ENABLE_OBJC_ARC = YES;
				CLANG_ENABLE_OBJC_WEAK = YES;
				CLANG_WARN_BLOCK_CAPTURE_AUTORELEASING = YES;
				CLANG_WARN_BOOL_CONVERSION = YES;
				CLANG_WARN_COMMA = YES;
				CLANG_WARN_CONSTANT_CONVERSION = YES;
				CLANG_WARN_DEPRECATED_OBJC_IMPLEMENTATIONS = YES;
				CLANG_WARN_DIRECT_OBJC_ISA_USAGE = YES_ERROR;
				CLANG_WARN_DOCUMENTATION_COMMENTS = YES;
				CLANG_WARN_EMPTY_BODY = YES;
				CLANG_WARN_ENUM_CONVERSION = YES;
				CLANG_WARN_INFINITE_RECURSION = YES;
				CLANG_WARN_INT_CONVERSION = YES;
				CLANG_WARN_NON_LITERAL_NULL_CONVERSION = YES;
				CLANG_WARN_OBJC_IMPLICIT_RETAIN_SELF = YES;
				CLANG_WARN_OBJC_LITERAL_CONVERSION = YES;
				CLANG_WARN_OBJC_ROOT_CLASS = YES_ERROR;
				CLANG_WARN_QUOTED_INCLUDE_IN_FRAMEWORK_HEADER = YES;
				CLANG_WARN_RANGE_LOOP_ANALYSIS = YES;
				CLANG_WARN_STRICT_PROTOTYPES = YES;
				CLANG_WARN_SUSPICIOUS_MOVE = YES;
				CLANG_WARN_UNGUARDED_AVAILABILITY = YES_AGGRESSIVE;
				CLANG_WARN_UNREACHABLE_CODE = YES;
				CLANG_WARN__DUPLICATE_METHOD_MATCH = YES;
				COPY_PHASE_STRIP = NO;
				DEBUG_INFORMATION_FORMAT = dwarf;
				ENABLE_STRICT_OBJC_MSGSEND = YES;
				ENABLE_TESTABILITY = YES;
				GCC_C_LANGUAGE_STANDARD = gnu11;
				GCC_DYNAMIC_NO_PIC = NO;
				GCC_NO_COMMON_BLOCKS = YES;
				GCC_OPTIMIZATION_LEVEL = 0;
				GCC_PREPROCESSOR_DEFINITIONS = (
					"DEBUG=1",
					"$(inherited)",
				);
				GCC_WARN_64_TO_32_BIT_CONVERSION = YES;
				GCC_WARN_ABOUT_RETURN_TYPE = YES_ERROR;
				GCC_WARN_UNDECLARED_SELECTOR = YES;
				GCC_WARN_UNINITIALIZED_AUTOS = YES_AGGRESSIVE;
				GCC_WARN_UNUSED_FUNCTION = YES;
				GCC_WARN_UNUSED_VARIABLE = YES;
				IPHONEOS_DEPLOYMENT_TARGET = 15.4;
				MTL_ENABLE_DEBUG_INFO = INCLUDE_SOURCE;
				MTL_FAST_MATH = YES;
				ONLY_ACTIVE_ARCH = YES;
				SDKROOT = iphoneos;
				SWIFT_ACTIVE_COMPILATION_CONDITIONS = DEBUG;
				SWIFT_OPTIMIZATION_LEVEL = "-Onone";
			};
			name = Debug;
		};
		4B2E1DA82804109700611427 /* Release */ = {
			isa = XCBuildConfiguration;
			buildSettings = {
				ALWAYS_SEARCH_USER_PATHS = NO;
				CLANG_ANALYZER_NONNULL = YES;
				CLANG_ANALYZER_NUMBER_OBJECT_CONVERSION = YES_AGGRESSIVE;
				CLANG_CXX_LANGUAGE_STANDARD = "gnu++17";
				CLANG_ENABLE_MODULES = YES;
				CLANG_ENABLE_OBJC_ARC = YES;
				CLANG_ENABLE_OBJC_WEAK = YES;
				CLANG_WARN_BLOCK_CAPTURE_AUTORELEASING = YES;
				CLANG_WARN_BOOL_CONVERSION = YES;
				CLANG_WARN_COMMA = YES;
				CLANG_WARN_CONSTANT_CONVERSION = YES;
				CLANG_WARN_DEPRECATED_OBJC_IMPLEMENTATIONS = YES;
				CLANG_WARN_DIRECT_OBJC_ISA_USAGE = YES_ERROR;
				CLANG_WARN_DOCUMENTATION_COMMENTS = YES;
				CLANG_WARN_EMPTY_BODY = YES;
				CLANG_WARN_ENUM_CONVERSION = YES;
				CLANG_WARN_INFINITE_RECURSION = YES;
				CLANG_WARN_INT_CONVERSION = YES;
				CLANG_WARN_NON_LITERAL_NULL_CONVERSION = YES;
				CLANG_WARN_OBJC_IMPLICIT_RETAIN_SELF = YES;
				CLANG_WARN_OBJC_LITERAL_CONVERSION = YES;
				CLANG_WARN_OBJC_ROOT_CLASS = YES_ERROR;
				CLANG_WARN_QUOTED_INCLUDE_IN_FRAMEWORK_HEADER = YES;
				CLANG_WARN_RANGE_LOOP_ANALYSIS = YES;
				CLANG_WARN_STRICT_PROTOTYPES = YES;
				CLANG_WARN_SUSPICIOUS_MOVE = YES;
				CLANG_WARN_UNGUARDED_AVAILABILITY = YES_AGGRESSIVE;
				CLANG_WARN_UNREACHABLE_CODE = YES;
				CLANG_WARN__DUPLICATE_METHOD_MATCH = YES;
				COPY_PHASE_STRIP = NO;
				DEBUG_INFORMATION_FORMAT = "dwarf-with-dsym";
				ENABLE_NS_ASSERTIONS = NO;
				ENABLE_STRICT_OBJC_MSGSEND = YES;
				GCC_C_LANGUAGE_STANDARD = gnu11;
				GCC_NO_COMMON_BLOCKS = YES;
				GCC_WARN_64_TO_32_BIT_CONVERSION = YES;
				GCC_WARN_ABOUT_RETURN_TYPE = YES_ERROR;
				GCC_WARN_UNDECLARED_SELECTOR = YES;
				GCC_WARN_UNINITIALIZED_AUTOS = YES_AGGRESSIVE;
				GCC_WARN_UNUSED_FUNCTION = YES;
				GCC_WARN_UNUSED_VARIABLE = YES;
				IPHONEOS_DEPLOYMENT_TARGET = 15.4;
				MTL_ENABLE_DEBUG_INFO = NO;
				MTL_FAST_MATH = YES;
				SDKROOT = iphoneos;
				SWIFT_COMPILATION_MODE = wholemodule;
				SWIFT_OPTIMIZATION_LEVEL = "-O";
				VALIDATE_PRODUCT = YES;
			};
			name = Release;
		};
		4B2E1DAA2804109700611427 /* Debug */ = {
			isa = XCBuildConfiguration;
			buildSettings = {
				ASSETCATALOG_COMPILER_APPICON_NAME = AppIcon;
				ASSETCATALOG_COMPILER_GLOBAL_ACCENT_COLOR_NAME = AccentColor;
				CODE_SIGN_STYLE = Automatic;
				CURRENT_PROJECT_VERSION = 1;
				DEVELOPMENT_TEAM = 38437W4ZU8;
				GENERATE_INFOPLIST_FILE = YES;
				INFOPLIST_FILE = Avocalmdo/Info.plist;
				INFOPLIST_KEY_UIApplicationSupportsIndirectInputEvents = YES;
				INFOPLIST_KEY_UILaunchStoryboardName = LaunchScreen;
				INFOPLIST_KEY_UIMainStoryboardFile = Main;
				INFOPLIST_KEY_UISupportedInterfaceOrientations_iPad = "UIInterfaceOrientationPortrait UIInterfaceOrientationPortraitUpsideDown UIInterfaceOrientationLandscapeLeft UIInterfaceOrientationLandscapeRight";
				INFOPLIST_KEY_UISupportedInterfaceOrientations_iPhone = "UIInterfaceOrientationPortrait UIInterfaceOrientationLandscapeLeft UIInterfaceOrientationLandscapeRight";
				LD_RUNPATH_SEARCH_PATHS = (
					"$(inherited)",
					"@executable_path/Frameworks",
				);
				MARKETING_VERSION = 1.0;
				PRODUCT_BUNDLE_IDENTIFIER = supernova.Avocalmdo;
				PRODUCT_NAME = "$(TARGET_NAME)";
				SWIFT_EMIT_LOC_STRINGS = YES;
				SWIFT_VERSION = 5.0;
				TARGETED_DEVICE_FAMILY = "1,2";
			};
			name = Debug;
		};
		4B2E1DAB2804109700611427 /* Release */ = {
			isa = XCBuildConfiguration;
			buildSettings = {
				ASSETCATALOG_COMPILER_APPICON_NAME = AppIcon;
				ASSETCATALOG_COMPILER_GLOBAL_ACCENT_COLOR_NAME = AccentColor;
				CODE_SIGN_STYLE = Automatic;
				CURRENT_PROJECT_VERSION = 1;
				DEVELOPMENT_TEAM = 38437W4ZU8;
				GENERATE_INFOPLIST_FILE = YES;
				INFOPLIST_FILE = Avocalmdo/Info.plist;
				INFOPLIST_KEY_UIApplicationSupportsIndirectInputEvents = YES;
				INFOPLIST_KEY_UILaunchStoryboardName = LaunchScreen;
				INFOPLIST_KEY_UIMainStoryboardFile = Main;
				INFOPLIST_KEY_UISupportedInterfaceOrientations_iPad = "UIInterfaceOrientationPortrait UIInterfaceOrientationPortraitUpsideDown UIInterfaceOrientationLandscapeLeft UIInterfaceOrientationLandscapeRight";
				INFOPLIST_KEY_UISupportedInterfaceOrientations_iPhone = "UIInterfaceOrientationPortrait UIInterfaceOrientationLandscapeLeft UIInterfaceOrientationLandscapeRight";
				LD_RUNPATH_SEARCH_PATHS = (
					"$(inherited)",
					"@executable_path/Frameworks",
				);
				MARKETING_VERSION = 1.0;
				PRODUCT_BUNDLE_IDENTIFIER = supernova.Avocalmdo;
				PRODUCT_NAME = "$(TARGET_NAME)";
				SWIFT_EMIT_LOC_STRINGS = YES;
				SWIFT_VERSION = 5.0;
				TARGETED_DEVICE_FAMILY = "1,2";
			};
			name = Release;
		};
/* End XCBuildConfiguration section */

/* Begin XCConfigurationList section */
		4B2E1D8D2804109600611427 /* Build configuration list for PBXProject "Avocalmdo" */ = {
			isa = XCConfigurationList;
			buildConfigurations = (
				4B2E1DA72804109700611427 /* Debug */,
				4B2E1DA82804109700611427 /* Release */,
			);
			defaultConfigurationIsVisible = 0;
			defaultConfigurationName = Release;
		};
		4B2E1DA92804109700611427 /* Build configuration list for PBXNativeTarget "Avocalmdo" */ = {
			isa = XCConfigurationList;
			buildConfigurations = (
				4B2E1DAA2804109700611427 /* Debug */,
				4B2E1DAB2804109700611427 /* Release */,
			);
			defaultConfigurationIsVisible = 0;
			defaultConfigurationName = Release;
		};
/* End XCConfigurationList section */

/* Begin XCVersionGroup section */
		4B2E1D9E2804109600611427 /* Avocalmdo.xcdatamodeld */ = {
			isa = XCVersionGroup;
			children = (
				4B2E1D9F2804109600611427 /* Avocalmdo.xcdatamodel */,
			);
			currentVersion = 4B2E1D9F2804109600611427 /* Avocalmdo.xcdatamodel */;
			path = Avocalmdo.xcdatamodeld;
			sourceTree = "<group>";
			versionGroupType = wrapper.xcdatamodel;
		};
/* End XCVersionGroup section */
	};
	rootObject = 4B2E1D8A2804109600611427 /* Project object */;
}
